
Microsoft Visual Studio Solution File, Format Version 12.00
# Visual Studio Version 17
VisualStudioVersion = 17.2.32516.85
MinimumVisualStudioVersion = 10.0.40219.1
Project("{FAE04EC0-301F-11D3-BF4B-00C04F79EFBC}") = "EcommerceProject", "EcommerceProject\EcommerceProject.csproj", "{3898E0C7-D822-48CF-B533-DEF3FAE196EC}"
EndProject
Global
	GlobalSection(SolutionConfigurationPlatforms) = preSolution
		Debug|Any CPU = Debug|Any CPU
		Release|Any CPU = Release|Any CPU
	EndGlobalSection
	GlobalSection(ProjectConfigurationPlatforms) = postSolution
		{3898E0C7-D822-48CF-B533-DEF3FAE196EC}.Debug|Any CPU.ActiveCfg = Debug|Any CPU
		{3898E0C7-D822-48CF-B533-DEF3FAE196EC}.Debug|Any CPU.Build.0 = Debug|Any CPU
		{3898E0C7-D822-48CF-B533-DEF3FAE196EC}.Release|Any CPU.ActiveCfg = Release|Any CPU
		{3898E0C7-D822-48CF-B533-DEF3FAE196EC}.Release|Any CPU.Build.0 = Release|Any CPU
	EndGlobalSection
	GlobalSection(SolutionProperties) = preSolution
		HideSolutionNode = FALSE
	EndGlobalSection
	GlobalSection(ExtensibilityGlobals) = postSolution
		SolutionGuid = {C1F4975F-51AB-4DE5-922F-1E07A0D1F333}
	EndGlobalSection
EndGlobal
